{
  "object": {
    "pins": [
      {
        "package": "braze-swift-sdk",
        "repositoryURL": "https://github.com/braze-inc/braze-swift-sdk",
        "state": {
          "branch": null,
          "revision": "5bf78ca1f37c4824bb37ee8dd66ed1b17b8a45ff",
          "version": "9.3.0"
        }
      },
      {
        "package": "SDWebImage",
        "repositoryURL": "https://github.com/SDWebImage/SDWebImage.git",
        "state": {
          "branch": null,
          "revision": "b8523c1642f3c142b06dd98443ea7c48343a4dfd",
          "version": "5.19.3"
        }
      },
      {
        "package": "TealiumSwift",
        "repositoryURL": "https://github.com/tealium/tealium-swift",
        "state": {
          "branch": null,
          "revision": "384536125778089c6144ea22b0a88f223f268b87",
          "version": "2.13.0"
        }
      }
    ]
  },
  "version": 1
}
