{
  "object": {
    "pins": [
      {
        "package": "Appboy_iOS_SDK",
        "repositoryURL": "https://github.com/Appboy/appboy-ios-sdk",
        "state": {
          "branch": null,
          "revision": "23ec2e8e337856b22801288a0f25ec5895e783a2",
          "version": "4.4.1"
        }
      },
      {
        "package": "SDWebImage",
        "repositoryURL": "https://github.com/SDWebImage/SDWebImage.git",
        "state": {
          "branch": null,
          "revision": "a72df4849408da7e5d3c1b586797b7c601c41d1b",
          "version": "5.12.1"
        }
      },
      {
        "package": "TealiumSwift",
        "repositoryURL": "https://github.com/tealium/tealium-swift",
        "state": {
          "branch": null,
          "revision": "9bd74f09c780862de61101bd147b1c6b232f98ce",
          "version": "2.5.1"
        }
      }
    ]
  },
  "version": 1
}
