PODS:
  - Appboy-iOS-SDK (3.26.1):
    - Appboy-iOS-SDK/UI (= 3.26.1)
  - Appboy-iOS-SDK/ContentCards (3.26.1):
    - Appboy-iOS-SDK/Core
    - SDWebImage (~> 5.0)
  - Appboy-iOS-SDK/Core (3.26.1)
  - Appboy-iOS-SDK/InAppMessage (3.26.1):
    - Appboy-iOS-SDK/Core
    - SDWebImage (~> 5.0)
  - Appboy-iOS-SDK/NewsFeed (3.26.1):
    - Appboy-iOS-SDK/Core
    - SDWebImage (~> 5.0)
  - Appboy-iOS-SDK/UI (3.26.1):
    - Appboy-iOS-SDK/ContentCards
    - Appboy-iOS-SDK/Core
    - Appboy-iOS-SDK/InAppMessage
    - Appboy-iOS-SDK/NewsFeed
  - SDWebImage (5.9.0):
    - SDWebImage/Core (= 5.9.0)
  - SDWebImage/Core (5.9.0)
  - tealium-swift/Core (2.0.0)
  - tealium-swift/RemoteCommands (2.0.0):
    - tealium-swift/Core
  - tealium-swift/TagManagement (2.0.0):
    - tealium-swift/Core
  - TealiumBraze (2.0.0):
    - Appboy-iOS-SDK (~> 3.2)
    - tealium-swift/Core (~> 2.0)
    - tealium-swift/RemoteCommands (~> 2.0)
    - tealium-swift/TagManagement (~> 2.0)

DEPENDENCIES:
  - TealiumBraze (from `../`)

SPEC REPOS:
  trunk:
    - Appboy-iOS-SDK
    - SDWebImage
    - tealium-swift

EXTERNAL SOURCES:
  TealiumBraze:
    :path: "../"

SPEC CHECKSUMS:
  Appboy-iOS-SDK: ac9f96da26e36bfdaefc8a9c2346ce339d8a7ab7
  SDWebImage: 62ae4a18473520c67b79e9724c31a63599cc9423
  tealium-swift: c0b58cc749d23805790de1472407723fa41da2dc
  TealiumBraze: b0db5b5dc7d774e733214232f2e6c498c06a560d

PODFILE CHECKSUM: d08afed32c6c50d77b7f5b01356ab16e86b447a0

COCOAPODS: 1.9.3
