PODS:
  - BrazeKit (5.8.1)
  - BrazeLocation (5.8.1):
    - BrazeKit (= 5.8.1)
  - tealium-swift/Core (2.8.2)
  - tealium-swift/Lifecycle (2.8.2):
    - tealium-swift/Core
  - tealium-swift/RemoteCommands (2.8.2):
    - tealium-swift/Core
  - tealium-swift/TagManagement (2.8.2):
    - tealium-swift/Core
  - TealiumBraze (3.0.0):
    - BrazeKit (~> 5.8.1)
    - tealium-swift/Core (~> 2.8)
    - tealium-swift/RemoteCommands (~> 2.8)

DEPENDENCIES:
  - BrazeLocation
  - tealium-swift/Lifecycle
  - tealium-swift/TagManagement
  - TealiumBraze (from `../`)

SPEC REPOS:
  trunk:
    - BrazeKit
    - BrazeLocation
    - tealium-swift

EXTERNAL SOURCES:
  TealiumBraze:
    :path: "../"

SPEC CHECKSUMS:
  BrazeKit: 312c40ffce4edfef079f3142fe1dfc54b6a65ca5
  BrazeLocation: b95623677a4b020e8e48edc120480996d09561e9
  tealium-swift: aa249f29ee10924c1cb373c5313e91a99276bfe6
  TealiumBraze: 217e7d78da1a301de32cdeb569bee194621255fd

PODFILE CHECKSUM: 882a9d422c74901cbba8507cb6a543b4c7999cb4

COCOAPODS: 1.11.2
