// !$*UTF8*$!
{
	archiveVersion = 1;
	classes = {
	};
	objectVersion = 50;
	objects = {

/* Begin PBXBuildFile section */
		4BC5F6DD22E77B0300763653 /* AppDelegate.swift in Sources */ = {isa = PBXBuildFile; fileRef = 4BC5F6DC22E77B0300763653 /* AppDelegate.swift */; };
		4BC5F6E422E77B0800763653 /* Assets.xcassets in Resources */ = {isa = PBXBuildFile; fileRef = 4BC5F6E322E77B0800763653 /* Assets.xcassets */; };
		4BC5F6E722E77B0800763653 /* LaunchScreen.storyboard in Resources */ = {isa = PBXBuildFile; fileRef = 4BC5F6E522E77B0800763653 /* LaunchScreen.storyboard */; };
		4BC5F6F222E77C9B00763653 /* EngagementViewController.swift in Sources */ = {isa = PBXBuildFile; fileRef = 4BC5F6EE22E77C9B00763653 /* EngagementViewController.swift */; };
		4BC5F6F322E77C9B00763653 /* EventViewController.swift in Sources */ = {isa = PBXBuildFile; fileRef = 4BC5F6EF22E77C9B00763653 /* EventViewController.swift */; };
		4BC5F6F422E77C9B00763653 /* UserViewController.swift in Sources */ = {isa = PBXBuildFile; fileRef = 4BC5F6F022E77C9B00763653 /* UserViewController.swift */; };
		4BC5F6F522E77C9B00763653 /* TealiumHelper.swift in Sources */ = {isa = PBXBuildFile; fileRef = 4BC5F6F122E77C9B00763653 /* TealiumHelper.swift */; };
		4BC5F6F722E77CCB00763653 /* Main.storyboard in Resources */ = {isa = PBXBuildFile; fileRef = 4BC5F6F622E77CCB00763653 /* Main.storyboard */; };
/* End PBXBuildFile section */

/* Begin PBXFileReference section */
		4BC5F6D922E77B0300763653 /* TealiumBrazeExample.app */ = {isa = PBXFileReference; explicitFileType = wrapper.application; includeInIndex = 0; path = TealiumBrazeExample.app; sourceTree = BUILT_PRODUCTS_DIR; };
		4BC5F6DC22E77B0300763653 /* AppDelegate.swift */ = {isa = PBXFileReference; lastKnownFileType = sourcecode.swift; path = AppDelegate.swift; sourceTree = "<group>"; };
		4BC5F6E322E77B0800763653 /* Assets.xcassets */ = {isa = PBXFileReference; lastKnownFileType = folder.assetcatalog; path = Assets.xcassets; sourceTree = "<group>"; };
		4BC5F6E622E77B0800763653 /* Base */ = {isa = PBXFileReference; lastKnownFileType = file.storyboard; name = Base; path = Base.lproj/LaunchScreen.storyboard; sourceTree = "<group>"; };
		4BC5F6E822E77B0800763653 /* Info.plist */ = {isa = PBXFileReference; lastKnownFileType = text.plist.xml; path = Info.plist; sourceTree = "<group>"; };
		4BC5F6EE22E77C9B00763653 /* EngagementViewController.swift */ = {isa = PBXFileReference; fileEncoding = 4; lastKnownFileType = sourcecode.swift; path = EngagementViewController.swift; sourceTree = "<group>"; };
		4BC5F6EF22E77C9B00763653 /* EventViewController.swift */ = {isa = PBXFileReference; fileEncoding = 4; lastKnownFileType = sourcecode.swift; path = EventViewController.swift; sourceTree = "<group>"; };
		4BC5F6F022E77C9B00763653 /* UserViewController.swift */ = {isa = PBXFileReference; fileEncoding = 4; lastKnownFileType = sourcecode.swift; path = UserViewController.swift; sourceTree = "<group>"; };
		4BC5F6F122E77C9B00763653 /* TealiumHelper.swift */ = {isa = PBXFileReference; fileEncoding = 4; lastKnownFileType = sourcecode.swift; path = TealiumHelper.swift; sourceTree = "<group>"; };
		4BC5F6F622E77CCB00763653 /* Main.storyboard */ = {isa = PBXFileReference; fileEncoding = 4; lastKnownFileType = file.storyboard; path = Main.storyboard; sourceTree = "<group>"; };
/* End PBXFileReference section */

/* Begin PBXFrameworksBuildPhase section */
		4BC5F6D622E77B0300763653 /* Frameworks */ = {
			isa = PBXFrameworksBuildPhase;
			buildActionMask = 2147483647;
			files = (
			);
			runOnlyForDeploymentPostprocessing = 0;
		};
/* End PBXFrameworksBuildPhase section */

/* Begin PBXGroup section */
		4BC5F6D022E77B0300763653 = {
			isa = PBXGroup;
			children = (
				4BC5F6DB22E77B0300763653 /* TealiumBrazeExample */,
				4BC5F6DA22E77B0300763653 /* Products */,
			);
			sourceTree = "<group>";
		};
		4BC5F6DA22E77B0300763653 /* Products */ = {
			isa = PBXGroup;
			children = (
				4BC5F6D922E77B0300763653 /* TealiumBrazeExample.app */,
			);
			name = Products;
			sourceTree = "<group>";
		};
		4BC5F6DB22E77B0300763653 /* TealiumBrazeExample */ = {
			isa = PBXGroup;
			children = (
				4BC5F6F622E77CCB00763653 /* Main.storyboard */,
				4BC5F6EE22E77C9B00763653 /* EngagementViewController.swift */,
				4BC5F6EF22E77C9B00763653 /* EventViewController.swift */,
				4BC5F6F122E77C9B00763653 /* TealiumHelper.swift */,
				4BC5F6F022E77C9B00763653 /* UserViewController.swift */,
				4BC5F6DC22E77B0300763653 /* AppDelegate.swift */,
				4BC5F6E322E77B0800763653 /* Assets.xcassets */,
				4BC5F6E522E77B0800763653 /* LaunchScreen.storyboard */,
				4BC5F6E822E77B0800763653 /* Info.plist */,
			);
			path = TealiumBrazeExample;
			sourceTree = "<group>";
		};
/* End PBXGroup section */

/* Begin PBXNativeTarget section */
		4BC5F6D822E77B0300763653 /* TealiumBrazeExample */ = {
			isa = PBXNativeTarget;
			buildConfigurationList = 4BC5F6EB22E77B0800763653 /* Build configuration list for PBXNativeTarget "TealiumBrazeExample" */;
			buildPhases = (
				4BC5F6D522E77B0300763653 /* Sources */,
				4BC5F6D622E77B0300763653 /* Frameworks */,
				4BC5F6D722E77B0300763653 /* Resources */,
			);
			buildRules = (
			);
			dependencies = (
			);
			name = TealiumBrazeExample;
			productName = TealiumBrazeExample;
			productReference = 4BC5F6D922E77B0300763653 /* TealiumBrazeExample.app */;
			productType = "com.apple.product-type.application";
		};
/* End PBXNativeTarget section */

/* Begin PBXProject section */
		4BC5F6D122E77B0300763653 /* Project object */ = {
			isa = PBXProject;
			attributes = {
				LastSwiftUpdateCheck = 1020;
				LastUpgradeCheck = 1020;
				ORGANIZATIONNAME = "Jonathan Wong";
				TargetAttributes = {
					4BC5F6D822E77B0300763653 = {
						CreatedOnToolsVersion = 10.2;
					};
				};
			};
			buildConfigurationList = 4BC5F6D422E77B0300763653 /* Build configuration list for PBXProject "TealiumBrazeExample" */;
			compatibilityVersion = "Xcode 9.3";
			developmentRegion = en;
			hasScannedForEncodings = 0;
			knownRegions = (
				en,
				Base,
			);
			mainGroup = 4BC5F6D022E77B0300763653;
			productRefGroup = 4BC5F6DA22E77B0300763653 /* Products */;
			projectDirPath = "";
			projectRoot = "";
			targets = (
				4BC5F6D822E77B0300763653 /* TealiumBrazeExample */,
			);
		};
/* End PBXProject section */

/* Begin PBXResourcesBuildPhase section */
		4BC5F6D722E77B0300763653 /* Resources */ = {
			isa = PBXResourcesBuildPhase;
			buildActionMask = 2147483647;
			files = (
				4BC5F6F722E77CCB00763653 /* Main.storyboard in Resources */,
				4BC5F6E722E77B0800763653 /* LaunchScreen.storyboard in Resources */,
				4BC5F6E422E77B0800763653 /* Assets.xcassets in Resources */,
			);
			runOnlyForDeploymentPostprocessing = 0;
		};
/* End PBXResourcesBuildPhase section */

/* Begin PBXSourcesBuildPhase section */
		4BC5F6D522E77B0300763653 /* Sources */ = {
			isa = PBXSourcesBuildPhase;
			buildActionMask = 2147483647;
			files = (
				4BC5F6F222E77C9B00763653 /* EngagementViewController.swift in Sources */,
				4BC5F6F522E77C9B00763653 /* TealiumHelper.swift in Sources */,
				4BC5F6F422E77C9B00763653 /* UserViewController.swift in Sources */,
				4BC5F6F322E77C9B00763653 /* EventViewController.swift in Sources */,
				4BC5F6DD22E77B0300763653 /* AppDelegate.swift in Sources */,
			);
			runOnlyForDeploymentPostprocessing = 0;
		};
/* End PBXSourcesBuildPhase section */

/* Begin PBXVariantGroup section */
		4BC5F6E522E77B0800763653 /* LaunchScreen.storyboard */ = {
			isa = PBXVariantGroup;
			children = (
				4BC5F6E622E77B0800763653 /* Base */,
			);
			name = LaunchScreen.storyboard;
			sourceTree = "<group>";
		};
/* End PBXVariantGroup section */

/* Begin XCBuildConfiguration section */
		4BC5F6E922E77B0800763653 /* Debug */ = {
			isa = XCBuildConfiguration;
			buildSettings = {
				ALWAYS_SEARCH_USER_PATHS = NO;
				CLANG_ANALYZER_NONNULL = YES;
				CLANG_ANALYZER_NUMBER_OBJECT_CONVERSION = YES_AGGRESSIVE;
				CLANG_CXX_LANGUAGE_STANDARD = "gnu++14";
				CLANG_CXX_LIBRARY = "libc++";
				CLANG_ENABLE_MODULES = YES;
				CLANG_ENABLE_OBJC_ARC = YES;
				CLANG_ENABLE_OBJC_WEAK = YES;
				CLANG_WARN_BLOCK_CAPTURE_AUTORELEASING = YES;
				CLANG_WARN_BOOL_CONVERSION = YES;
				CLANG_WARN_COMMA = YES;
				CLANG_WARN_CONSTANT_CONVERSION = YES;
				CLANG_WARN_DEPRECATED_OBJC_IMPLEMENTATIONS = YES;
				CLANG_WARN_DIRECT_OBJC_ISA_USAGE = YES_ERROR;
				CLANG_WARN_DOCUMENTATION_COMMENTS = YES;
				CLANG_WARN_EMPTY_BODY = YES;
				CLANG_WARN_ENUM_CONVERSION = YES;
				CLANG_WARN_INFINITE_RECURSION = YES;
				CLANG_WARN_INT_CONVERSION = YES;
				CLANG_WARN_NON_LITERAL_NULL_CONVERSION = YES;
				CLANG_WARN_OBJC_IMPLICIT_RETAIN_SELF = YES;
				CLANG_WARN_OBJC_LITERAL_CONVERSION = YES;
				CLANG_WARN_OBJC_ROOT_CLASS = YES_ERROR;
				CLANG_WARN_RANGE_LOOP_ANALYSIS = YES;
				CLANG_WARN_STRICT_PROTOTYPES = YES;
				CLANG_WARN_SUSPICIOUS_MOVE = YES;
				CLANG_WARN_UNGUARDED_AVAILABILITY = YES_AGGRESSIVE;
				CLANG_WARN_UNREACHABLE_CODE = YES;
				CLANG_WARN__DUPLICATE_METHOD_MATCH = YES;
				CODE_SIGN_IDENTITY = "iPhone Developer";
				COPY_PHASE_STRIP = NO;
				DEBUG_INFORMATION_FORMAT = dwarf;
				ENABLE_STRICT_OBJC_MSGSEND = YES;
				ENABLE_TESTABILITY = YES;
				GCC_C_LANGUAGE_STANDARD = gnu11;
				GCC_DYNAMIC_NO_PIC = NO;
				GCC_NO_COMMON_BLOCKS = YES;
				GCC_OPTIMIZATION_LEVEL = 0;
				GCC_PREPROCESSOR_DEFINITIONS = (
					"DEBUG=1",
					"$(inherited)",
				);
				GCC_WARN_64_TO_32_BIT_CONVERSION = YES;
				GCC_WARN_ABOUT_RETURN_TYPE = YES_ERROR;
				GCC_WARN_UNDECLARED_SELECTOR = YES;
				GCC_WARN_UNINITIALIZED_AUTOS = YES_AGGRESSIVE;
				GCC_WARN_UNUSED_FUNCTION = YES;
				GCC_WARN_UNUSED_VARIABLE = YES;
				IPHONEOS_DEPLOYMENT_TARGET = 12.2;
				MTL_ENABLE_DEBUG_INFO = INCLUDE_SOURCE;
				MTL_FAST_MATH = YES;
				ONLY_ACTIVE_ARCH = YES;
				SDKROOT = iphoneos;
				SWIFT_ACTIVE_COMPILATION_CONDITIONS = DEBUG;
				SWIFT_OPTIMIZATION_LEVEL = "-Onone";
			};
			name = Debug;
		};
		4BC5F6EA22E77B0800763653 /* Release */ = {
			isa = XCBuildConfiguration;
			buildSettings = {
				ALWAYS_SEARCH_USER_PATHS = NO;
				CLANG_ANALYZER_NONNULL = YES;
				CLANG_ANALYZER_NUMBER_OBJECT_CONVERSION = YES_AGGRESSIVE;
				CLANG_CXX_LANGUAGE_STANDARD = "gnu++14";
				CLANG_CXX_LIBRARY = "libc++";
				CLANG_ENABLE_MODULES = YES;
				CLANG_ENABLE_OBJC_ARC = YES;
				CLANG_ENABLE_OBJC_WEAK = YES;
				CLANG_WARN_BLOCK_CAPTURE_AUTORELEASING = YES;
				CLANG_WARN_BOOL_CONVERSION = YES;
				CLANG_WARN_COMMA = YES;
				CLANG_WARN_CONSTANT_CONVERSION = YES;
				CLANG_WARN_DEPRECATED_OBJC_IMPLEMENTATIONS = YES;
				CLANG_WARN_DIRECT_OBJC_ISA_USAGE = YES_ERROR;
				CLANG_WARN_DOCUMENTATION_COMMENTS = YES;
				CLANG_WARN_EMPTY_BODY = YES;
				CLANG_WARN_ENUM_CONVERSION = YES;
				CLANG_WARN_INFINITE_RECURSION = YES;
				CLANG_WARN_INT_CONVERSION = YES;
				CLANG_WARN_NON_LITERAL_NULL_CONVERSION = YES;
				CLANG_WARN_OBJC_IMPLICIT_RETAIN_SELF = YES;
				CLANG_WARN_OBJC_LITERAL_CONVERSION = YES;
				CLANG_WARN_OBJC_ROOT_CLASS = YES_ERROR;
				CLANG_WARN_RANGE_LOOP_ANALYSIS = YES;
				CLANG_WARN_STRICT_PROTOTYPES = YES;
				CLANG_WARN_SUSPICIOUS_MOVE = YES;
				CLANG_WARN_UNGUARDED_AVAILABILITY = YES_AGGRESSIVE;
				CLANG_WARN_UNREACHABLE_CODE = YES;
				CLANG_WARN__DUPLICATE_METHOD_MATCH = YES;
				CODE_SIGN_IDENTITY = "iPhone Developer";
				COPY_PHASE_STRIP = NO;
				DEBUG_INFORMATION_FORMAT = "dwarf-with-dsym";
				ENABLE_NS_ASSERTIONS = NO;
				ENABLE_STRICT_OBJC_MSGSEND = YES;
				GCC_C_LANGUAGE_STANDARD = gnu11;
				GCC_NO_COMMON_BLOCKS = YES;
				GCC_WARN_64_TO_32_BIT_CONVERSION = YES;
				GCC_WARN_ABOUT_RETURN_TYPE = YES_ERROR;
				GCC_WARN_UNDECLARED_SELECTOR = YES;
				GCC_WARN_UNINITIALIZED_AUTOS = YES_AGGRESSIVE;
				GCC_WARN_UNUSED_FUNCTION = YES;
				GCC_WARN_UNUSED_VARIABLE = YES;
				IPHONEOS_DEPLOYMENT_TARGET = 12.2;
				MTL_ENABLE_DEBUG_INFO = NO;
				MTL_FAST_MATH = YES;
				SDKROOT = iphoneos;
				SWIFT_COMPILATION_MODE = wholemodule;
				SWIFT_OPTIMIZATION_LEVEL = "-O";
				VALIDATE_PRODUCT = YES;
			};
			name = Release;
		};
		4BC5F6EC22E77B0800763653 /* Debug */ = {
			isa = XCBuildConfiguration;
			buildSettings = {
				ASSETCATALOG_COMPILER_APPICON_NAME = AppIcon;
				CODE_SIGN_STYLE = Automatic;
				DEVELOPMENT_TEAM = XC939GDC9P;
				INFOPLIST_FILE = TealiumBrazeExample/Info.plist;
				LD_RUNPATH_SEARCH_PATHS = (
					"$(inherited)",
					"@executable_path/Frameworks",
				);
				PRODUCT_BUNDLE_IDENTIFIER = com.tealium.TealiumBrazeExample;
				PRODUCT_NAME = "$(TARGET_NAME)";
				SWIFT_VERSION = 5.0;
				TARGETED_DEVICE_FAMILY = "1,2";
			};
			name = Debug;
		};
		4BC5F6ED22E77B0800763653 /* Release */ = {
			isa = XCBuildConfiguration;
			buildSettings = {
				ASSETCATALOG_COMPILER_APPICON_NAME = AppIcon;
				CODE_SIGN_STYLE = Automatic;
				DEVELOPMENT_TEAM = XC939GDC9P;
				INFOPLIST_FILE = TealiumBrazeExample/Info.plist;
				LD_RUNPATH_SEARCH_PATHS = (
					"$(inherited)",
					"@executable_path/Frameworks",
				);
				PRODUCT_BUNDLE_IDENTIFIER = com.tealium.TealiumBrazeExample;
				PRODUCT_NAME = "$(TARGET_NAME)";
				SWIFT_VERSION = 5.0;
				TARGETED_DEVICE_FAMILY = "1,2";
			};
			name = Release;
		};
/* End XCBuildConfiguration section */

/* Begin XCConfigurationList section */
		4BC5F6D422E77B0300763653 /* Build configuration list for PBXProject "TealiumBrazeExample" */ = {
			isa = XCConfigurationList;
			buildConfigurations = (
				4BC5F6E922E77B0800763653 /* Debug */,
				4BC5F6EA22E77B0800763653 /* Release */,
			);
			defaultConfigurationIsVisible = 0;
			defaultConfigurationName = Release;
		};
		4BC5F6EB22E77B0800763653 /* Build configuration list for PBXNativeTarget "TealiumBrazeExample" */ = {
			isa = XCConfigurationList;
			buildConfigurations = (
				4BC5F6EC22E77B0800763653 /* Debug */,
				4BC5F6ED22E77B0800763653 /* Release */,
			);
			defaultConfigurationIsVisible = 0;
			defaultConfigurationName = Release;
		};
/* End XCConfigurationList section */
	};
	rootObject = 4BC5F6D122E77B0300763653 /* Project object */;
}
